{
  "version": 4,
  "terraform_version": "1.8.5",
  "serial": 121,
  "lineage": "401db4f8-74b6-a08e-6cd1-d0f44d8eafdc",
  "outputs": {},
  "resources": [
    {
      "module": "module.eks-module",
      "mode": "managed",
      "type": "aws_eip",
      "name": "nat_eip",
      "provider": "module.eks-module.provider[\"registry.terraform.io/hashicorp/aws\"]",
      "instances": [
        {
          "schema_version": 0,
          "attributes": {
            "address": null,
            "allocation_id": "eipalloc-075a8631356730dfa",
            "arn": "arn:aws:ec2:us-east-1:730335325551:elastic-ip/eipalloc-075a8631356730dfa",
            "associate_with_private_ip": null,
            "association_id": "",
            "carrier_ip": "",
            "customer_owned_ip": "",
            "customer_owned_ipv4_pool": "",
            "domain": "vpc",
            "id": "eipalloc-075a8631356730dfa",
            "instance": "",
            "network_border_group": "us-east-1",
            "network_interface": "",
            "private_dns": null,
            "private_ip": "",
            "ptr_record": "",
            "public_dns": "ec2-18-206-42-185.compute-1.amazonaws.com",
            "public_ip": "18.206.42.185",
            "public_ipv4_pool": "amazon",
            "tags": null,
            "tags_all": {},
            "timeouts": null,
            "vpc": true
          },
          "sensitive_attributes": [],
          "private": "eyJlMmJmYjczMC1lY2FhLTExZTYtOGY4OC0zNDM2M2JjN2M0YzAiOnsiZGVsZXRlIjoxODAwMDAwMDAwMDAsInJlYWQiOjkwMDAwMDAwMDAwMCwidXBkYXRlIjozMDAwMDAwMDAwMDB9fQ=="
        }
      ]
    },
    {
      "module": "module.eks-module",
      "mode": "managed",
      "type": "aws_eks_cluster",
      "name": "karo_cluster",
      "provider": "module.eks-module.provider[\"registry.terraform.io/hashicorp/aws\"]",
      "instances": [
        {
          "schema_version": 1,
          "attributes": {
            "access_config": [
              {
                "authentication_mode": "CONFIG_MAP",
                "bootstrap_cluster_creator_admin_permissions": true
              }
            ],
            "arn": "arn:aws:eks:us-east-1:730335325551:cluster/eks_cluster",
            "bootstrap_self_managed_addons": true,
            "certificate_authority": [
              {
                "data": "LS0tLS1CRUdJTiBDRVJUSUZJQ0FURS0tLS0tCk1JSURCVENDQWUyZ0F3SUJBZ0lJVFVnZm9LUGhCTjR3RFFZSktvWklodmNOQVFFTEJRQXdGVEVUTUJFR0ExVUUKQXhNS2EzVmlaWEp1WlhSbGN6QWVGdzB5TkRFd01Ea3dOalF4TVROYUZ3MHpOREV3TURjd05qUTJNVE5hTUJVeApFekFSQmdOVkJBTVRDbXQxWW1WeWJtVjBaWE13Z2dFaU1BMEdDU3FHU0liM0RRRUJBUVVBQTRJQkR3QXdnZ0VLCkFvSUJBUUM3eFBGcFNjQ2F1d3RaOGtPMGQ4R3IvNDBVL2VvN2tHRW1VT0JLcUcxZHR0N1NKandES1I0MU1DM1YKNGJoTzFwdjF3TEpDajhvdWxaNUFwRlQ4bmR6VXg0MGNuQmFLekhUcEVLUG1QclZTQXI2Y1ZSTHBVeWNZZUhZMgpuZlF2ZVF4d3ZNcWlVUm5KWmRjTmNzdjdteW1sR25ZWWdzVzU4M0NBSERsLzA1aFdWWHR6aEhxcmgxU2RVQ0FNCjJzck9LcTU1QlNNSXVFeitmMEdQdE41QW4vbDJ5YTFFbVZKY0dPbWFFaEV6OHJRVXg5TzNwcTBoVkZUSjVVWk4KVEllVFRRRjBKNHNoMGVlRzdNTFNPZEY3VkkxVDBuaGo0RzhtV2J4M0psWXRHYlE4dmVUbnF5TTNsVjMvLytFdwpYSk4vMysrSndIejRVTEVKMjhHL1lLdTA5QktyQWdNQkFBR2pXVEJYTUE0R0ExVWREd0VCL3dRRUF3SUNwREFQCkJnTlZIUk1CQWY4RUJUQURBUUgvTUIwR0ExVWREZ1FXQkJUcmZVZmszMTRaeGVoUXV4UHlMMXQ1NHlGRXRUQVYKQmdOVkhSRUVEakFNZ2dwcmRXSmxjbTVsZEdWek1BMEdDU3FHU0liM0RRRUJDd1VBQTRJQkFRQjFzUVArZkxJdgpGVnRuV2FaZFdmZjNuYlpHdFJuTmg5c0ZJcGZ4M05TYUN2SUdVWDIyaFBOdmlqcUNWNHRFV3NjV0tTYklqRXpzClZKZzZyczlDTy9oelBOM1dNY3owcCtkUGloOVoyZnY5VzFrdlZ4US95S3ovaHdZTGVuNlpkc2FQSVlESnNJVWUKRHF3dU91bnJwVWt3RXM0VnB3MTVDNU90MU1ERWFpLzl0K3V3aVpvWTV0ZHdZeVNvZWNmd2VyVVNzM2Y3WVRaRwpYSE4veGVMblVNTGdXbXFobHhjZmJEYjFja2hqKzM4c2tRTjhySndFL29ReXQvSVhtbTJNdWdlWHVYZUhXc0M1CkRSOVduazkxVjFHVFJwMDV2V0h2ZnEwa0dobks5TXZaMEVzU3Fubk5MRnMxTzA5Ry83TTlQbXduQnZQWCs4ZmgKaHc1bmNJbWFQMHcwCi0tLS0tRU5EIENFUlRJRklDQVRFLS0tLS0K"
              }
            ],
            "cluster_id": null,
            "created_at": "2024-10-09 06:41:26.831 +0000 UTC",
            "enabled_cluster_log_types": null,
            "encryption_config": [],
            "endpoint": "https://67FE61733A9BA8E1757BA7950FEFDC2A.gr7.us-east-1.eks.amazonaws.com",
            "id": "eks_cluster",
            "identity": [
              {
                "oidc": [
                  {
                    "issuer": "https://oidc.eks.us-east-1.amazonaws.com/id/67FE61733A9BA8E1757BA7950FEFDC2A"
                  }
                ]
              }
            ],
            "kubernetes_network_config": [
              {
                "ip_family": "ipv4",
                "service_ipv4_cidr": "172.20.0.0/16",
                "service_ipv6_cidr": ""
              }
            ],
            "name": "eks_cluster",
            "outpost_config": [],
            "platform_version": "eks.24",
            "role_arn": "arn:aws:iam::730335325551:role/eks_cluster_role",
            "status": "ACTIVE",
            "tags": null,
            "tags_all": {},
            "timeouts": null,
            "upgrade_policy": [
              {
                "support_type": "EXTENDED"
              }
            ],
            "version": "1.26",
            "vpc_config": [
              {
                "cluster_security_group_id": "sg-050ea14212fa1dc00",
                "endpoint_private_access": false,
                "endpoint_public_access": true,
                "public_access_cidrs": [
                  "0.0.0.0/0"
                ],
                "security_group_ids": null,
                "subnet_ids": [
                  "subnet-03a159791530b6361",
                  "subnet-0924b25546ee319ed",
                  "subnet-0c4c49d26b6ee613d",
                  "subnet-0d16138a237234069"
                ],
                "vpc_id": "vpc-01c6958a7334cc36f"
              }
            ]
          },
          "sensitive_attributes": [],
          "private": "eyJlMmJmYjczMC1lY2FhLTExZTYtOGY4OC0zNDM2M2JjN2M0YzAiOnsiY3JlYXRlIjoxODAwMDAwMDAwMDAwLCJkZWxldGUiOjkwMDAwMDAwMDAwMCwidXBkYXRlIjozNjAwMDAwMDAwMDAwfSwic2NoZW1hX3ZlcnNpb24iOiIxIn0=",
          "dependencies": [
            "module.eks-module.aws_iam_role.eks_cluster_role",
            "module.eks-module.aws_iam_role_policy_attachment.eks_cluster_role_attachment",
            "module.eks-module.aws_subnet.priv_one",
            "module.eks-module.aws_subnet.priv_two",
            "module.eks-module.aws_subnet.pub_one",
            "module.eks-module.aws_subnet.pub_two",
            "module.eks-module.aws_vpc.eks_vpc"
          ]
        }
      ]
    },
    {
      "module": "module.eks-module",
      "mode": "managed",
      "type": "aws_eks_node_group",
      "name": "eks_node",
      "provider": "module.eks-module.provider[\"registry.terraform.io/hashicorp/aws\"]",
      "instances": [
        {
          "schema_version": 0,
          "attributes": {
            "ami_type": "AL2_x86_64",
            "arn": "arn:aws:eks:us-east-1:730335325551:nodegroup/eks_cluster/eks_node/04c93805-23d6-bacd-eabf-a07854412814",
            "capacity_type": "ON_DEMAND",
            "cluster_name": "eks_cluster",
            "disk_size": 20,
            "force_update_version": null,
            "id": "eks_cluster:eks_node",
            "instance_types": [
              "t3.small",
              "t3.medium",
              "t3.large"
            ],
            "labels": null,
            "launch_template": [],
            "node_group_name": "eks_node",
            "node_group_name_prefix": "",
            "node_role_arn": "arn:aws:iam::730335325551:role/eks_worker_node_role",
            "release_version": "1.26.15-20240928",
            "remote_access": [],
            "resources": [
              {
                "autoscaling_groups": [
                  {
                    "name": "eks-eks_node-04c93805-23d6-bacd-eabf-a07854412814"
                  }
                ],
                "remote_access_security_group_id": ""
              }
            ],
            "scaling_config": [
              {
                "desired_size": 2,
                "max_size": 8,
                "min_size": 1
              }
            ],
            "status": "ACTIVE",
            "subnet_ids": [
              "subnet-0c4c49d26b6ee613d",
              "subnet-0d16138a237234069"
            ],
            "tags": null,
            "tags_all": {},
            "taint": [],
            "timeouts": null,
            "update_config": [
              {
                "max_unavailable": 1,
                "max_unavailable_percentage": 0
              }
            ],
            "version": "1.26"
          },
          "sensitive_attributes": [],
          "private": "eyJlMmJmYjczMC1lY2FhLTExZTYtOGY4OC0zNDM2M2JjN2M0YzAiOnsiY3JlYXRlIjozNjAwMDAwMDAwMDAwLCJkZWxldGUiOjM2MDAwMDAwMDAwMDAsInVwZGF0ZSI6MzYwMDAwMDAwMDAwMH19",
          "dependencies": [
            "module.eks-module.aws_eks_cluster.karo_cluster",
            "module.eks-module.aws_iam_role.eks_cluster_role",
            "module.eks-module.aws_iam_role.eks_worker_node_role",
            "module.eks-module.aws_iam_role_policy_attachment.eks_cluster_role_attachment",
            "module.eks-module.aws_iam_role_policy_attachment.eks_cni_policy_attachment",
            "module.eks-module.aws_iam_role_policy_attachment.eks_ec2CR_policy_attachment",
            "module.eks-module.aws_iam_role_policy_attachment.eks_worker_node_policy_attachment",
            "module.eks-module.aws_subnet.priv_one",
            "module.eks-module.aws_subnet.priv_two",
            "module.eks-module.aws_subnet.pub_one",
            "module.eks-module.aws_subnet.pub_two",
            "module.eks-module.aws_vpc.eks_vpc"
          ]
        }
      ]
    },
    {
      "module": "module.eks-module",
      "mode": "managed",
      "type": "aws_iam_role",
      "name": "eks_cluster_role",
      "provider": "module.eks-module.provider[\"registry.terraform.io/hashicorp/aws\"]",
      "instances": [
        {
          "schema_version": 0,
          "attributes": {
            "arn": "arn:aws:iam::730335325551:role/eks_cluster_role",
            "assume_role_policy": "{\"Statement\":[{\"Action\":\"sts:AssumeRole\",\"Effect\":\"Allow\",\"Principal\":{\"Service\":\"eks.amazonaws.com\"}}],\"Version\":\"2012-10-17\"}",
            "create_date": "2024-10-09T06:41:10Z",
            "description": "",
            "force_detach_policies": false,
            "id": "eks_cluster_role",
            "inline_policy": [],
            "managed_policy_arns": [],
            "max_session_duration": 3600,
            "name": "eks_cluster_role",
            "name_prefix": "",
            "path": "/",
            "permissions_boundary": "",
            "tags": null,
            "tags_all": {},
            "unique_id": "AROA2UC3AVVXVKL65IP5M"
          },
          "sensitive_attributes": [],
          "private": "bnVsbA=="
        }
      ]
    },
    {
      "module": "module.eks-module",
      "mode": "managed",
      "type": "aws_iam_role",
      "name": "eks_worker_node_role",
      "provider": "module.eks-module.provider[\"registry.terraform.io/hashicorp/aws\"]",
      "instances": [
        {
          "schema_version": 0,
          "attributes": {
            "arn": "arn:aws:iam::730335325551:role/eks_worker_node_role",
            "assume_role_policy": "{\"Statement\":[{\"Action\":\"sts:AssumeRole\",\"Effect\":\"Allow\",\"Principal\":{\"Service\":\"ec2.amazonaws.com\"}}],\"Version\":\"2012-10-17\"}",
            "create_date": "2024-10-09T06:41:10Z",
            "description": "",
            "force_detach_policies": false,
            "id": "eks_worker_node_role",
            "inline_policy": [],
            "managed_policy_arns": [],
            "max_session_duration": 3600,
            "name": "eks_worker_node_role",
            "name_prefix": "",
            "path": "/",
            "permissions_boundary": "",
            "tags": null,
            "tags_all": {},
            "unique_id": "AROA2UC3AVVXYCGBIEPJQ"
          },
          "sensitive_attributes": [],
          "private": "bnVsbA=="
        }
      ]
    },
    {
      "module": "module.eks-module",
      "mode": "managed",
      "type": "aws_iam_role_policy_attachment",
      "name": "eks_cluster_role_attachment",
      "provider": "module.eks-module.provider[\"registry.terraform.io/hashicorp/aws\"]",
      "instances": [
        {
          "schema_version": 0,
          "attributes": {
            "id": "eks_cluster_role-20241009064111151600000007",
            "policy_arn": "arn:aws:iam::aws:policy/AmazonEKSClusterPolicy",
            "role": "eks_cluster_role"
          },
          "sensitive_attributes": [],
          "private": "bnVsbA==",
          "dependencies": [
            "module.eks-module.aws_iam_role.eks_cluster_role"
          ]
        }
      ]
    },
    {
      "module": "module.eks-module",
      "mode": "managed",
      "type": "aws_iam_role_policy_attachment",
      "name": "eks_cni_policy_attachment",
      "provider": "module.eks-module.provider[\"registry.terraform.io/hashicorp/aws\"]",
      "instances": [
        {
          "schema_version": 0,
          "attributes": {
            "id": "eks_worker_node_role-20241009064110300500000004",
            "policy_arn": "arn:aws:iam::aws:policy/AmazonEKS_CNI_Policy",
            "role": "eks_worker_node_role"
          },
          "sensitive_attributes": [],
          "private": "bnVsbA==",
          "dependencies": [
            "module.eks-module.aws_iam_role.eks_worker_node_role"
          ]
        }
      ]
    },
    {
      "module": "module.eks-module",
      "mode": "managed",
      "type": "aws_iam_role_policy_attachment",
      "name": "eks_ec2CR_policy_attachment",
      "provider": "module.eks-module.provider[\"registry.terraform.io/hashicorp/aws\"]",
      "instances": [
        {
          "schema_version": 0,
          "attributes": {
            "id": "eks_worker_node_role-20241009064110506500000005",
            "policy_arn": "arn:aws:iam::aws:policy/AmazonEC2ContainerRegistryReadOnly",
            "role": "eks_worker_node_role"
          },
          "sensitive_attributes": [],
          "private": "bnVsbA==",
          "dependencies": [
            "module.eks-module.aws_iam_role.eks_worker_node_role"
          ]
        }
      ]
    },
    {
      "module": "module.eks-module",
      "mode": "managed",
      "type": "aws_iam_role_policy_attachment",
      "name": "eks_worker_node_policy_attachment",
      "provider": "module.eks-module.provider[\"registry.terraform.io/hashicorp/aws\"]",
      "instances": [
        {
          "schema_version": 0,
          "attributes": {
            "id": "eks_worker_node_role-20241009064110725700000006",
            "policy_arn": "arn:aws:iam::aws:policy/AmazonEKSWorkerNodePolicy",
            "role": "eks_worker_node_role"
          },
          "sensitive_attributes": [],
          "private": "bnVsbA==",
          "dependencies": [
            "module.eks-module.aws_iam_role.eks_worker_node_role"
          ]
        }
      ]
    },
    {
      "module": "module.eks-module",
      "mode": "managed",
      "type": "aws_internet_gateway",
      "name": "eks_igw",
      "provider": "module.eks-module.provider[\"registry.terraform.io/hashicorp/aws\"]",
      "instances": [
        {
          "schema_version": 0,
          "attributes": {
            "arn": "arn:aws:ec2:us-east-1:730335325551:internet-gateway/igw-01e3cf10c1571e30b",
            "id": "igw-01e3cf10c1571e30b",
            "owner_id": "730335325551",
            "tags": {
              "Environment": "Production",
              "Name": "vpc_igw",
              "Team": "DevOps"
            },
            "tags_all": {
              "Environment": "Production",
              "Name": "vpc_igw",
              "Team": "DevOps"
            },
            "timeouts": null,
            "vpc_id": "vpc-01c6958a7334cc36f"
          },
          "sensitive_attributes": [],
          "private": "eyJlMmJmYjczMC1lY2FhLTExZTYtOGY4OC0zNDM2M2JjN2M0YzAiOnsiY3JlYXRlIjoxMjAwMDAwMDAwMDAwLCJkZWxldGUiOjEyMDAwMDAwMDAwMDAsInVwZGF0ZSI6MTIwMDAwMDAwMDAwMH19",
          "dependencies": [
            "module.eks-module.aws_vpc.eks_vpc"
          ]
        }
      ]
    },
    {
      "module": "module.eks-module",
      "mode": "managed",
      "type": "aws_nat_gateway",
      "name": "eks_nat_gw",
      "provider": "module.eks-module.provider[\"registry.terraform.io/hashicorp/aws\"]",
      "instances": [
        {
          "schema_version": 0,
          "attributes": {
            "allocation_id": "eipalloc-075a8631356730dfa",
            "association_id": "eipassoc-03351142af5522b4d",
            "connectivity_type": "public",
            "id": "nat-02594ff008d14da54",
            "network_interface_id": "eni-046e6fc27272ac850",
            "private_ip": "10.0.1.59",
            "public_ip": "18.206.42.185",
            "secondary_allocation_ids": null,
            "secondary_private_ip_address_count": 0,
            "secondary_private_ip_addresses": [],
            "subnet_id": "subnet-03a159791530b6361",
            "tags": {
              "Name": "Natty GW"
            },
            "tags_all": {
              "Name": "Natty GW"
            },
            "timeouts": null
          },
          "sensitive_attributes": [],
          "private": "eyJlMmJmYjczMC1lY2FhLTExZTYtOGY4OC0zNDM2M2JjN2M0YzAiOnsiY3JlYXRlIjo2MDAwMDAwMDAwMDAsImRlbGV0ZSI6MTgwMDAwMDAwMDAwMCwidXBkYXRlIjo2MDAwMDAwMDAwMDB9fQ==",
          "dependencies": [
            "module.eks-module.aws_eip.nat_eip",
            "module.eks-module.aws_internet_gateway.eks_igw",
            "module.eks-module.aws_subnet.pub_one",
            "module.eks-module.aws_vpc.eks_vpc"
          ]
        }
      ]
    },
    {
      "module": "module.eks-module",
      "mode": "managed",
      "type": "aws_route",
      "name": "private_subnet_nat_gateway_route",
      "provider": "module.eks-module.provider[\"registry.terraform.io/hashicorp/aws\"]",
      "instances": [
        {
          "schema_version": 0,
          "attributes": {
            "carrier_gateway_id": "",
            "core_network_arn": "",
            "destination_cidr_block": "0.0.0.0/0",
            "destination_ipv6_cidr_block": "",
            "destination_prefix_list_id": "",
            "egress_only_gateway_id": "",
            "gateway_id": "",
            "id": "r-rtb-032f05997dd3348c71080289494",
            "instance_id": "",
            "instance_owner_id": "",
            "local_gateway_id": "",
            "nat_gateway_id": "nat-02594ff008d14da54",
            "network_interface_id": "",
            "origin": "CreateRoute",
            "route_table_id": "rtb-032f05997dd3348c7",
            "state": "active",
            "timeouts": null,
            "transit_gateway_id": "",
            "vpc_endpoint_id": "",
            "vpc_peering_connection_id": ""
          },
          "sensitive_attributes": [],
          "private": "eyJlMmJmYjczMC1lY2FhLTExZTYtOGY4OC0zNDM2M2JjN2M0YzAiOnsiY3JlYXRlIjozMDAwMDAwMDAwMDAsImRlbGV0ZSI6MzAwMDAwMDAwMDAwLCJ1cGRhdGUiOjEyMDAwMDAwMDAwMH19",
          "dependencies": [
            "module.eks-module.aws_eip.nat_eip",
            "module.eks-module.aws_internet_gateway.eks_igw",
            "module.eks-module.aws_nat_gateway.eks_nat_gw",
            "module.eks-module.aws_route_table.private_subnet_route_table",
            "module.eks-module.aws_subnet.pub_one",
            "module.eks-module.aws_vpc.eks_vpc"
          ]
        }
      ]
    },
    {
      "module": "module.eks-module",
      "mode": "managed",
      "type": "aws_route",
      "name": "public_subnet_internet_gateway_route",
      "provider": "module.eks-module.provider[\"registry.terraform.io/hashicorp/aws\"]",
      "instances": [
        {
          "schema_version": 0,
          "attributes": {
            "carrier_gateway_id": "",
            "core_network_arn": "",
            "destination_cidr_block": "0.0.0.0/0",
            "destination_ipv6_cidr_block": "",
            "destination_prefix_list_id": "",
            "egress_only_gateway_id": "",
            "gateway_id": "igw-01e3cf10c1571e30b",
            "id": "r-rtb-0a3a4987a4f462b051080289494",
            "instance_id": "",
            "instance_owner_id": "",
            "local_gateway_id": "",
            "nat_gateway_id": "",
            "network_interface_id": "",
            "origin": "CreateRoute",
            "route_table_id": "rtb-0a3a4987a4f462b05",
            "state": "active",
            "timeouts": null,
            "transit_gateway_id": "",
            "vpc_endpoint_id": "",
            "vpc_peering_connection_id": ""
          },
          "sensitive_attributes": [],
          "private": "eyJlMmJmYjczMC1lY2FhLTExZTYtOGY4OC0zNDM2M2JjN2M0YzAiOnsiY3JlYXRlIjozMDAwMDAwMDAwMDAsImRlbGV0ZSI6MzAwMDAwMDAwMDAwLCJ1cGRhdGUiOjEyMDAwMDAwMDAwMH19",
          "dependencies": [
            "module.eks-module.aws_internet_gateway.eks_igw",
            "module.eks-module.aws_route_table.public_subnet_route_table",
            "module.eks-module.aws_vpc.eks_vpc"
          ]
        }
      ]
    },
    {
      "module": "module.eks-module",
      "mode": "managed",
      "type": "aws_route_table",
      "name": "private_subnet_route_table",
      "provider": "module.eks-module.provider[\"registry.terraform.io/hashicorp/aws\"]",
      "instances": [
        {
          "schema_version": 0,
          "attributes": {
            "arn": "arn:aws:ec2:us-east-1:730335325551:route-table/rtb-032f05997dd3348c7",
            "id": "rtb-032f05997dd3348c7",
            "owner_id": "730335325551",
            "propagating_vgws": [],
            "route": [],
            "tags": {
              "Name": "My VPC Private Subnet Route Table"
            },
            "tags_all": {
              "Name": "My VPC Private Subnet Route Table"
            },
            "timeouts": null,
            "vpc_id": "vpc-01c6958a7334cc36f"
          },
          "sensitive_attributes": [],
          "private": "eyJlMmJmYjczMC1lY2FhLTExZTYtOGY4OC0zNDM2M2JjN2M0YzAiOnsiY3JlYXRlIjozMDAwMDAwMDAwMDAsImRlbGV0ZSI6MzAwMDAwMDAwMDAwLCJ1cGRhdGUiOjEyMDAwMDAwMDAwMH19",
          "dependencies": [
            "module.eks-module.aws_vpc.eks_vpc"
          ]
        }
      ]
    },
    {
      "module": "module.eks-module",
      "mode": "managed",
      "type": "aws_route_table",
      "name": "public_subnet_route_table",
      "provider": "module.eks-module.provider[\"registry.terraform.io/hashicorp/aws\"]",
      "instances": [
        {
          "schema_version": 0,
          "attributes": {
            "arn": "arn:aws:ec2:us-east-1:730335325551:route-table/rtb-0a3a4987a4f462b05",
            "id": "rtb-0a3a4987a4f462b05",
            "owner_id": "730335325551",
            "propagating_vgws": [],
            "route": [],
            "tags": {
              "Name": "Public Subnet Route Table"
            },
            "tags_all": {
              "Name": "Public Subnet Route Table"
            },
            "timeouts": null,
            "vpc_id": "vpc-01c6958a7334cc36f"
          },
          "sensitive_attributes": [],
          "private": "eyJlMmJmYjczMC1lY2FhLTExZTYtOGY4OC0zNDM2M2JjN2M0YzAiOnsiY3JlYXRlIjozMDAwMDAwMDAwMDAsImRlbGV0ZSI6MzAwMDAwMDAwMDAwLCJ1cGRhdGUiOjEyMDAwMDAwMDAwMH19",
          "dependencies": [
            "module.eks-module.aws_vpc.eks_vpc"
          ]
        }
      ]
    },
    {
      "module": "module.eks-module",
      "mode": "managed",
      "type": "aws_route_table_association",
      "name": "private_subnet_route_table_association",
      "provider": "module.eks-module.provider[\"registry.terraform.io/hashicorp/aws\"]",
      "instances": [
        {
          "schema_version": 0,
          "attributes": {
            "gateway_id": "",
            "id": "rtbassoc-0933c31b6ce833dc6",
            "route_table_id": "rtb-032f05997dd3348c7",
            "subnet_id": "subnet-0c4c49d26b6ee613d",
            "timeouts": null
          },
          "sensitive_attributes": [],
          "private": "eyJlMmJmYjczMC1lY2FhLTExZTYtOGY4OC0zNDM2M2JjN2M0YzAiOnsiY3JlYXRlIjozMDAwMDAwMDAwMDAsImRlbGV0ZSI6MzAwMDAwMDAwMDAwLCJ1cGRhdGUiOjEyMDAwMDAwMDAwMH19",
          "dependencies": [
            "module.eks-module.aws_route_table.private_subnet_route_table",
            "module.eks-module.aws_subnet.priv_one",
            "module.eks-module.aws_vpc.eks_vpc"
          ]
        }
      ]
    },
    {
      "module": "module.eks-module",
      "mode": "managed",
      "type": "aws_route_table_association",
      "name": "private_subnet_route_table_association_2",
      "provider": "module.eks-module.provider[\"registry.terraform.io/hashicorp/aws\"]",
      "instances": [
        {
          "schema_version": 0,
          "attributes": {
            "gateway_id": "",
            "id": "rtbassoc-02a6d3643123589db",
            "route_table_id": "rtb-032f05997dd3348c7",
            "subnet_id": "subnet-0d16138a237234069",
            "timeouts": null
          },
          "sensitive_attributes": [],
          "private": "eyJlMmJmYjczMC1lY2FhLTExZTYtOGY4OC0zNDM2M2JjN2M0YzAiOnsiY3JlYXRlIjozMDAwMDAwMDAwMDAsImRlbGV0ZSI6MzAwMDAwMDAwMDAwLCJ1cGRhdGUiOjEyMDAwMDAwMDAwMH19",
          "dependencies": [
            "module.eks-module.aws_route_table.private_subnet_route_table",
            "module.eks-module.aws_subnet.priv_two",
            "module.eks-module.aws_vpc.eks_vpc"
          ]
        }
      ]
    },
    {
      "module": "module.eks-module",
      "mode": "managed",
      "type": "aws_route_table_association",
      "name": "public_subnet_route_table_association",
      "provider": "module.eks-module.provider[\"registry.terraform.io/hashicorp/aws\"]",
      "instances": [
        {
          "schema_version": 0,
          "attributes": {
            "gateway_id": "",
            "id": "rtbassoc-094e616050dd26e51",
            "route_table_id": "rtb-0a3a4987a4f462b05",
            "subnet_id": "subnet-03a159791530b6361",
            "timeouts": null
          },
          "sensitive_attributes": [],
          "private": "eyJlMmJmYjczMC1lY2FhLTExZTYtOGY4OC0zNDM2M2JjN2M0YzAiOnsiY3JlYXRlIjozMDAwMDAwMDAwMDAsImRlbGV0ZSI6MzAwMDAwMDAwMDAwLCJ1cGRhdGUiOjEyMDAwMDAwMDAwMH19",
          "dependencies": [
            "module.eks-module.aws_route_table.public_subnet_route_table",
            "module.eks-module.aws_subnet.pub_one",
            "module.eks-module.aws_vpc.eks_vpc"
          ]
        }
      ]
    },
    {
      "module": "module.eks-module",
      "mode": "managed",
      "type": "aws_route_table_association",
      "name": "public_subnet_route_table_association_2",
      "provider": "module.eks-module.provider[\"registry.terraform.io/hashicorp/aws\"]",
      "instances": [
        {
          "schema_version": 0,
          "attributes": {
            "gateway_id": "",
            "id": "rtbassoc-0aa0ede176fddc6fc",
            "route_table_id": "rtb-0a3a4987a4f462b05",
            "subnet_id": "subnet-0924b25546ee319ed",
            "timeouts": null
          },
          "sensitive_attributes": [],
          "private": "eyJlMmJmYjczMC1lY2FhLTExZTYtOGY4OC0zNDM2M2JjN2M0YzAiOnsiY3JlYXRlIjozMDAwMDAwMDAwMDAsImRlbGV0ZSI6MzAwMDAwMDAwMDAwLCJ1cGRhdGUiOjEyMDAwMDAwMDAwMH19",
          "dependencies": [
            "module.eks-module.aws_route_table.public_subnet_route_table",
            "module.eks-module.aws_subnet.pub_two",
            "module.eks-module.aws_vpc.eks_vpc"
          ]
        }
      ]
    },
    {
      "module": "module.eks-module",
      "mode": "managed",
      "type": "aws_subnet",
      "name": "priv_one",
      "provider": "module.eks-module.provider[\"registry.terraform.io/hashicorp/aws\"]",
      "instances": [
        {
          "schema_version": 1,
          "attributes": {
            "arn": "arn:aws:ec2:us-east-1:730335325551:subnet/subnet-0c4c49d26b6ee613d",
            "assign_ipv6_address_on_creation": false,
            "availability_zone": "us-east-1a",
            "availability_zone_id": "use1-az1",
            "cidr_block": "10.0.3.0/24",
            "customer_owned_ipv4_pool": "",
            "enable_dns64": false,
            "enable_lni_at_device_index": 0,
            "enable_resource_name_dns_a_record_on_launch": false,
            "enable_resource_name_dns_aaaa_record_on_launch": false,
            "id": "subnet-0c4c49d26b6ee613d",
            "ipv6_cidr_block": "",
            "ipv6_cidr_block_association_id": "",
            "ipv6_native": false,
            "map_customer_owned_ip_on_launch": false,
            "map_public_ip_on_launch": false,
            "outpost_arn": "",
            "owner_id": "730335325551",
            "private_dns_hostname_type_on_launch": "ip-name",
            "tags": {
              "Name": "Private Subnet one"
            },
            "tags_all": {
              "Name": "Private Subnet one"
            },
            "timeouts": null,
            "vpc_id": "vpc-01c6958a7334cc36f"
          },
          "sensitive_attributes": [],
          "private": "eyJlMmJmYjczMC1lY2FhLTExZTYtOGY4OC0zNDM2M2JjN2M0YzAiOnsiY3JlYXRlIjo2MDAwMDAwMDAwMDAsImRlbGV0ZSI6MTIwMDAwMDAwMDAwMH0sInNjaGVtYV92ZXJzaW9uIjoiMSJ9",
          "dependencies": [
            "module.eks-module.aws_vpc.eks_vpc"
          ]
        }
      ]
    },
    {
      "module": "module.eks-module",
      "mode": "managed",
      "type": "aws_subnet",
      "name": "priv_two",
      "provider": "module.eks-module.provider[\"registry.terraform.io/hashicorp/aws\"]",
      "instances": [
        {
          "schema_version": 1,
          "attributes": {
            "arn": "arn:aws:ec2:us-east-1:730335325551:subnet/subnet-0d16138a237234069",
            "assign_ipv6_address_on_creation": false,
            "availability_zone": "us-east-1b",
            "availability_zone_id": "use1-az2",
            "cidr_block": "10.0.4.0/24",
            "customer_owned_ipv4_pool": "",
            "enable_dns64": false,
            "enable_lni_at_device_index": 0,
            "enable_resource_name_dns_a_record_on_launch": false,
            "enable_resource_name_dns_aaaa_record_on_launch": false,
            "id": "subnet-0d16138a237234069",
            "ipv6_cidr_block": "",
            "ipv6_cidr_block_association_id": "",
            "ipv6_native": false,
            "map_customer_owned_ip_on_launch": false,
            "map_public_ip_on_launch": false,
            "outpost_arn": "",
            "owner_id": "730335325551",
            "private_dns_hostname_type_on_launch": "ip-name",
            "tags": {
              "Name": "Private Subnet two"
            },
            "tags_all": {
              "Name": "Private Subnet two"
            },
            "timeouts": null,
            "vpc_id": "vpc-01c6958a7334cc36f"
          },
          "sensitive_attributes": [],
          "private": "eyJlMmJmYjczMC1lY2FhLTExZTYtOGY4OC0zNDM2M2JjN2M0YzAiOnsiY3JlYXRlIjo2MDAwMDAwMDAwMDAsImRlbGV0ZSI6MTIwMDAwMDAwMDAwMH0sInNjaGVtYV92ZXJzaW9uIjoiMSJ9",
          "dependencies": [
            "module.eks-module.aws_vpc.eks_vpc"
          ]
        }
      ]
    },
    {
      "module": "module.eks-module",
      "mode": "managed",
      "type": "aws_subnet",
      "name": "pub_one",
      "provider": "module.eks-module.provider[\"registry.terraform.io/hashicorp/aws\"]",
      "instances": [
        {
          "schema_version": 1,
          "attributes": {
            "arn": "arn:aws:ec2:us-east-1:730335325551:subnet/subnet-03a159791530b6361",
            "assign_ipv6_address_on_creation": false,
            "availability_zone": "us-east-1a",
            "availability_zone_id": "use1-az1",
            "cidr_block": "10.0.1.0/24",
            "customer_owned_ipv4_pool": "",
            "enable_dns64": false,
            "enable_lni_at_device_index": 0,
            "enable_resource_name_dns_a_record_on_launch": false,
            "enable_resource_name_dns_aaaa_record_on_launch": false,
            "id": "subnet-03a159791530b6361",
            "ipv6_cidr_block": "",
            "ipv6_cidr_block_association_id": "",
            "ipv6_native": false,
            "map_customer_owned_ip_on_launch": false,
            "map_public_ip_on_launch": true,
            "outpost_arn": "",
            "owner_id": "730335325551",
            "private_dns_hostname_type_on_launch": "ip-name",
            "tags": {
              "Name": "Pub Subnet One"
            },
            "tags_all": {
              "Name": "Pub Subnet One"
            },
            "timeouts": null,
            "vpc_id": "vpc-01c6958a7334cc36f"
          },
          "sensitive_attributes": [],
          "private": "eyJlMmJmYjczMC1lY2FhLTExZTYtOGY4OC0zNDM2M2JjN2M0YzAiOnsiY3JlYXRlIjo2MDAwMDAwMDAwMDAsImRlbGV0ZSI6MTIwMDAwMDAwMDAwMH0sInNjaGVtYV92ZXJzaW9uIjoiMSJ9",
          "dependencies": [
            "module.eks-module.aws_vpc.eks_vpc"
          ]
        }
      ]
    },
    {
      "module": "module.eks-module",
      "mode": "managed",
      "type": "aws_subnet",
      "name": "pub_two",
      "provider": "module.eks-module.provider[\"registry.terraform.io/hashicorp/aws\"]",
      "instances": [
        {
          "schema_version": 1,
          "attributes": {
            "arn": "arn:aws:ec2:us-east-1:730335325551:subnet/subnet-0924b25546ee319ed",
            "assign_ipv6_address_on_creation": false,
            "availability_zone": "us-east-1b",
            "availability_zone_id": "use1-az2",
            "cidr_block": "10.0.2.0/24",
            "customer_owned_ipv4_pool": "",
            "enable_dns64": false,
            "enable_lni_at_device_index": 0,
            "enable_resource_name_dns_a_record_on_launch": false,
            "enable_resource_name_dns_aaaa_record_on_launch": false,
            "id": "subnet-0924b25546ee319ed",
            "ipv6_cidr_block": "",
            "ipv6_cidr_block_association_id": "",
            "ipv6_native": false,
            "map_customer_owned_ip_on_launch": false,
            "map_public_ip_on_launch": true,
            "outpost_arn": "",
            "owner_id": "730335325551",
            "private_dns_hostname_type_on_launch": "ip-name",
            "tags": {
              "Name": "Pub Subnet two"
            },
            "tags_all": {
              "Name": "Pub Subnet two"
            },
            "timeouts": null,
            "vpc_id": "vpc-01c6958a7334cc36f"
          },
          "sensitive_attributes": [],
          "private": "eyJlMmJmYjczMC1lY2FhLTExZTYtOGY4OC0zNDM2M2JjN2M0YzAiOnsiY3JlYXRlIjo2MDAwMDAwMDAwMDAsImRlbGV0ZSI6MTIwMDAwMDAwMDAwMH0sInNjaGVtYV92ZXJzaW9uIjoiMSJ9",
          "dependencies": [
            "module.eks-module.aws_vpc.eks_vpc"
          ]
        }
      ]
    },
    {
      "module": "module.eks-module",
      "mode": "managed",
      "type": "aws_vpc",
      "name": "eks_vpc",
      "provider": "module.eks-module.provider[\"registry.terraform.io/hashicorp/aws\"]",
      "instances": [
        {
          "schema_version": 1,
          "attributes": {
            "arn": "arn:aws:ec2:us-east-1:730335325551:vpc/vpc-01c6958a7334cc36f",
            "assign_generated_ipv6_cidr_block": false,
            "cidr_block": "10.0.0.0/16",
            "default_network_acl_id": "acl-04133f8f389d8e472",
            "default_route_table_id": "rtb-006aeecbf1b880fcb",
            "default_security_group_id": "sg-0d129d1319f754869",
            "dhcp_options_id": "dopt-0d67f7bf47c7efe36",
            "enable_dns_hostnames": true,
            "enable_dns_support": true,
            "enable_network_address_usage_metrics": false,
            "id": "vpc-01c6958a7334cc36f",
            "instance_tenancy": "default",
            "ipv4_ipam_pool_id": null,
            "ipv4_netmask_length": null,
            "ipv6_association_id": "",
            "ipv6_cidr_block": "",
            "ipv6_cidr_block_network_border_group": "",
            "ipv6_ipam_pool_id": "",
            "ipv6_netmask_length": 0,
            "main_route_table_id": "rtb-006aeecbf1b880fcb",
            "owner_id": "730335325551",
            "tags": {
              "Environment": "Production",
              "Name": "main_vpc",
              "Team": "DevOps"
            },
            "tags_all": {
              "Environment": "Production",
              "Name": "main_vpc",
              "Team": "DevOps"
            }
          },
          "sensitive_attributes": [],
          "private": "eyJzY2hlbWFfdmVyc2lvbiI6IjEifQ=="
        }
      ]
    }
  ],
  "check_results": null
}
